// !$*UTF8*$!
{
	archiveVersion = 1;
	classes = {
	};
	objectVersion = 50;
	objects = {

/* Begin PBXBuildFile section */
		2B912DF2225B2E3A0016655E /* BookmarkContainer.m in Sources */ = {isa = PBXBuildFile; fileRef = 2B912DF1225B2E3A0016655E /* BookmarkContainer.m */; };
		2B912DF5225B41EE0016655E /* HistoryContainer.m in Sources */ = {isa = PBXBuildFile; fileRef = 2B912DF4225B41EE0016655E /* HistoryContainer.m */; };
		2B912E3A225C64940016655E /* BookData.m in Sources */ = {isa = PBXBuildFile; fileRef = 2B912E39225C64940016655E /* BookData.m */; };
		2B9FA2442257306C00BAF875 /* AppDelegate.m in Sources */ = {isa = PBXBuildFile; fileRef = 2B9FA2432257306C00BAF875 /* AppDelegate.m */; };
		2B9FA24D2257306C00BAF875 /* Main.storyboard in Resources */ = {isa = PBXBuildFile; fileRef = 2B9FA24B2257306C00BAF875 /* Main.storyboard */; };
		2B9FA24F2257306D00BAF875 /* Assets.xcassets in Resources */ = {isa = PBXBuildFile; fileRef = 2B9FA24E2257306D00BAF875 /* Assets.xcassets */; };
		2B9FA2522257306D00BAF875 /* LaunchScreen.storyboard in Resources */ = {isa = PBXBuildFile; fileRef = 2B9FA2502257306D00BAF875 /* LaunchScreen.storyboard */; };
		2B9FA2552257306D00BAF875 /* main.m in Sources */ = {isa = PBXBuildFile; fileRef = 2B9FA2542257306D00BAF875 /* main.m */; };
		2B9FA25F2257306D00BAF875 /* BookShelfTests.m in Sources */ = {isa = PBXBuildFile; fileRef = 2B9FA25E2257306D00BAF875 /* BookShelfTests.m */; };
		2B9FA26B225731C000BAF875 /* NewViewController.m in Sources */ = {isa = PBXBuildFile; fileRef = 2B9FA26A225731C000BAF875 /* NewViewController.m */; };
		2B9FA26E225731CA00BAF875 /* SearchViewController.m in Sources */ = {isa = PBXBuildFile; fileRef = 2B9FA26D225731CA00BAF875 /* SearchViewController.m */; };
		2B9FA271225731D000BAF875 /* BookmarkViewController.m in Sources */ = {isa = PBXBuildFile; fileRef = 2B9FA270225731D000BAF875 /* BookmarkViewController.m */; };
		2B9FA274225731D600BAF875 /* HistoryViewController.m in Sources */ = {isa = PBXBuildFile; fileRef = 2B9FA273225731D600BAF875 /* HistoryViewController.m */; };
		2B9FA2782257320B00BAF875 /* BookDetailViewController.m in Sources */ = {isa = PBXBuildFile; fileRef = 2B9FA2762257320B00BAF875 /* BookDetailViewController.m */; };
		2B9FA2792257320B00BAF875 /* BookDetailViewController.xib in Resources */ = {isa = PBXBuildFile; fileRef = 2B9FA2772257320B00BAF875 /* BookDetailViewController.xib */; };
		2B9FA27D2257323500BAF875 /* BookAPI.swift in Sources */ = {isa = PBXBuildFile; fileRef = 2B9FA27C2257323500BAF875 /* BookAPI.swift */; };
		2B9FA27F2257344300BAF875 /* BookService.swift in Sources */ = {isa = PBXBuildFile; fileRef = 2B9FA27E2257344300BAF875 /* BookService.swift */; };
		42028FDF225ABAA8005E6685 /* BookCollectionViewCell.m in Sources */ = {isa = PBXBuildFile; fileRef = 42028FDD225ABAA8005E6685 /* BookCollectionViewCell.m */; };
		42028FE0225ABAA8005E6685 /* BookCollectionViewCell.xib in Resources */ = {isa = PBXBuildFile; fileRef = 42028FDE225ABAA8005E6685 /* BookCollectionViewCell.xib */; };
		42028FE5225C1239005E6685 /* BookDataCenter.m in Sources */ = {isa = PBXBuildFile; fileRef = 42028FE4225C1239005E6685 /* BookDataCenter.m */; };
		4206CD2D225EB54A0002B883 /* BookList.swift in Sources */ = {isa = PBXBuildFile; fileRef = 4206CD2C225EB54A0002B883 /* BookList.swift */; };
		420985DC2260052A00FC0879 /* BookError.m in Sources */ = {isa = PBXBuildFile; fileRef = 420985DB2260052A00FC0879 /* BookError.m */; };
		4A11C4D1225BEB3D0031317A /* UIAlertController+Error.m in Sources */ = {isa = PBXBuildFile; fileRef = 4A11C4D0225BEB3D0031317A /* UIAlertController+Error.m */; };
		4A145CDC225E91200062E93C /* BookFetcher.swift in Sources */ = {isa = PBXBuildFile; fileRef = 4A145CDB225E91200062E93C /* BookFetcher.swift */; };
		4A166199225A21AC004A39D9 /* Book.swift in Sources */ = {isa = PBXBuildFile; fileRef = 4A166198225A21AC004A39D9 /* Book.swift */; };
		52A40459D8A956E2CF4E506F /* Pods_BookShelf.framework in Frameworks */ = {isa = PBXBuildFile; fileRef = 3F80ECC036CC9D282A300FFC /* Pods_BookShelf.framework */; };
		BEF3A7BDF6238A25ECD2D85C /* Pods_BookShelfTests.framework in Frameworks */ = {isa = PBXBuildFile; fileRef = 170D8AA7F76A3A1D460B9D6D /* Pods_BookShelfTests.framework */; };
/* End PBXBuildFile section */

/* Begin PBXContainerItemProxy section */
		2B9FA25B2257306D00BAF875 /* PBXContainerItemProxy */ = {
			isa = PBXContainerItemProxy;
			containerPortal = 2B9FA2372257306C00BAF875 /* Project object */;
			proxyType = 1;
			remoteGlobalIDString = 2B9FA23E2257306C00BAF875;
			remoteInfo = BookShelf;
		};
/* End PBXContainerItemProxy section */

/* Begin PBXFileReference section */
		170D8AA7F76A3A1D460B9D6D /* Pods_BookShelfTests.framework */ = {isa = PBXFileReference; explicitFileType = wrapper.framework; includeInIndex = 0; path = Pods_BookShelfTests.framework; sourceTree = BUILT_PRODUCTS_DIR; };
		2B05A8C0226068B2002B3B19 /* BookCollectionViewCellDelegate.h */ = {isa = PBXFileReference; lastKnownFileType = sourcecode.c.h; path = BookCollectionViewCellDelegate.h; sourceTree = "<group>"; };
		2B912DF0225B2E3A0016655E /* BookmarkContainer.h */ = {isa = PBXFileReference; lastKnownFileType = sourcecode.c.h; path = BookmarkContainer.h; sourceTree = "<group>"; };
		2B912DF1225B2E3A0016655E /* BookmarkContainer.m */ = {isa = PBXFileReference; lastKnownFileType = sourcecode.c.objc; path = BookmarkContainer.m; sourceTree = "<group>"; };
		2B912DF3225B41EE0016655E /* HistoryContainer.h */ = {isa = PBXFileReference; lastKnownFileType = sourcecode.c.h; path = HistoryContainer.h; sourceTree = "<group>"; };
		2B912DF4225B41EE0016655E /* HistoryContainer.m */ = {isa = PBXFileReference; lastKnownFileType = sourcecode.c.objc; path = HistoryContainer.m; sourceTree = "<group>"; };
		2B912E38225C64940016655E /* BookData.h */ = {isa = PBXFileReference; lastKnownFileType = sourcecode.c.h; path = BookData.h; sourceTree = "<group>"; };
		2B912E39225C64940016655E /* BookData.m */ = {isa = PBXFileReference; lastKnownFileType = sourcecode.c.objc; path = BookData.m; sourceTree = "<group>"; };
		2B912E3B225C655A0016655E /* BookDataCenterEnum.h */ = {isa = PBXFileReference; lastKnownFileType = sourcecode.c.h; path = BookDataCenterEnum.h; sourceTree = "<group>"; };
		2B9FA23F2257306C00BAF875 /* BookShelf.app */ = {isa = PBXFileReference; explicitFileType = wrapper.application; includeInIndex = 0; path = BookShelf.app; sourceTree = BUILT_PRODUCTS_DIR; };
		2B9FA2422257306C00BAF875 /* AppDelegate.h */ = {isa = PBXFileReference; lastKnownFileType = sourcecode.c.h; path = AppDelegate.h; sourceTree = "<group>"; };
		2B9FA2432257306C00BAF875 /* AppDelegate.m */ = {isa = PBXFileReference; lastKnownFileType = sourcecode.c.objc; path = AppDelegate.m; sourceTree = "<group>"; };
		2B9FA24C2257306C00BAF875 /* Base */ = {isa = PBXFileReference; lastKnownFileType = file.storyboard; name = Base; path = Base.lproj/Main.storyboard; sourceTree = "<group>"; };
		2B9FA24E2257306D00BAF875 /* Assets.xcassets */ = {isa = PBXFileReference; lastKnownFileType = folder.assetcatalog; path = Assets.xcassets; sourceTree = "<group>"; };
		2B9FA2512257306D00BAF875 /* Base */ = {isa = PBXFileReference; lastKnownFileType = file.storyboard; name = Base; path = Base.lproj/LaunchScreen.storyboard; sourceTree = "<group>"; };
		2B9FA2532257306D00BAF875 /* Info.plist */ = {isa = PBXFileReference; lastKnownFileType = text.plist.xml; path = Info.plist; sourceTree = "<group>"; };
		2B9FA2542257306D00BAF875 /* main.m */ = {isa = PBXFileReference; lastKnownFileType = sourcecode.c.objc; path = main.m; sourceTree = "<group>"; };
		2B9FA25A2257306D00BAF875 /* BookShelfTests.xctest */ = {isa = PBXFileReference; explicitFileType = wrapper.cfbundle; includeInIndex = 0; path = BookShelfTests.xctest; sourceTree = BUILT_PRODUCTS_DIR; };
		2B9FA25E2257306D00BAF875 /* BookShelfTests.m */ = {isa = PBXFileReference; lastKnownFileType = sourcecode.c.objc; path = BookShelfTests.m; sourceTree = "<group>"; };
		2B9FA2602257306D00BAF875 /* Info.plist */ = {isa = PBXFileReference; lastKnownFileType = text.plist.xml; path = Info.plist; sourceTree = "<group>"; };
		2B9FA269225731C000BAF875 /* NewViewController.h */ = {isa = PBXFileReference; lastKnownFileType = sourcecode.c.h; path = NewViewController.h; sourceTree = "<group>"; };
		2B9FA26A225731C000BAF875 /* NewViewController.m */ = {isa = PBXFileReference; lastKnownFileType = sourcecode.c.objc; path = NewViewController.m; sourceTree = "<group>"; };
		2B9FA26C225731CA00BAF875 /* SearchViewController.h */ = {isa = PBXFileReference; lastKnownFileType = sourcecode.c.h; path = SearchViewController.h; sourceTree = "<group>"; };
		2B9FA26D225731CA00BAF875 /* SearchViewController.m */ = {isa = PBXFileReference; lastKnownFileType = sourcecode.c.objc; path = SearchViewController.m; sourceTree = "<group>"; };
		2B9FA26F225731D000BAF875 /* BookmarkViewController.h */ = {isa = PBXFileReference; lastKnownFileType = sourcecode.c.h; path = BookmarkViewController.h; sourceTree = "<group>"; };
		2B9FA270225731D000BAF875 /* BookmarkViewController.m */ = {isa = PBXFileReference; lastKnownFileType = sourcecode.c.objc; path = BookmarkViewController.m; sourceTree = "<group>"; };
		2B9FA272225731D600BAF875 /* HistoryViewController.h */ = {isa = PBXFileReference; lastKnownFileType = sourcecode.c.h; path = HistoryViewController.h; sourceTree = "<group>"; };
		2B9FA273225731D600BAF875 /* HistoryViewController.m */ = {isa = PBXFileReference; lastKnownFileType = sourcecode.c.objc; path = HistoryViewController.m; sourceTree = "<group>"; };
		2B9FA2752257320B00BAF875 /* BookDetailViewController.h */ = {isa = PBXFileReference; lastKnownFileType = sourcecode.c.h; path = BookDetailViewController.h; sourceTree = "<group>"; };
		2B9FA2762257320B00BAF875 /* BookDetailViewController.m */ = {isa = PBXFileReference; lastKnownFileType = sourcecode.c.objc; path = BookDetailViewController.m; sourceTree = "<group>"; };
		2B9FA2772257320B00BAF875 /* BookDetailViewController.xib */ = {isa = PBXFileReference; lastKnownFileType = file.xib; path = BookDetailViewController.xib; sourceTree = "<group>"; };
		2B9FA27B2257323500BAF875 /* BookShelf-Bridging-Header.h */ = {isa = PBXFileReference; lastKnownFileType = sourcecode.c.h; path = "BookShelf-Bridging-Header.h"; sourceTree = "<group>"; };
		2B9FA27C2257323500BAF875 /* BookAPI.swift */ = {isa = PBXFileReference; lastKnownFileType = sourcecode.swift; path = BookAPI.swift; sourceTree = "<group>"; };
		2B9FA27E2257344300BAF875 /* BookService.swift */ = {isa = PBXFileReference; lastKnownFileType = sourcecode.swift; path = BookService.swift; sourceTree = "<group>"; };
		3F80ECC036CC9D282A300FFC /* Pods_BookShelf.framework */ = {isa = PBXFileReference; explicitFileType = wrapper.framework; includeInIndex = 0; path = Pods_BookShelf.framework; sourceTree = BUILT_PRODUCTS_DIR; };
		42028FDC225ABAA8005E6685 /* BookCollectionViewCell.h */ = {isa = PBXFileReference; lastKnownFileType = sourcecode.c.h; path = BookCollectionViewCell.h; sourceTree = "<group>"; };
		42028FDD225ABAA8005E6685 /* BookCollectionViewCell.m */ = {isa = PBXFileReference; lastKnownFileType = sourcecode.c.objc; path = BookCollectionViewCell.m; sourceTree = "<group>"; };
		42028FDE225ABAA8005E6685 /* BookCollectionViewCell.xib */ = {isa = PBXFileReference; lastKnownFileType = file.xib; path = BookCollectionViewCell.xib; sourceTree = "<group>"; };
		42028FE3225C1239005E6685 /* BookDataCenter.h */ = {isa = PBXFileReference; lastKnownFileType = sourcecode.c.h; path = BookDataCenter.h; sourceTree = "<group>"; };
		42028FE4225C1239005E6685 /* BookDataCenter.m */ = {isa = PBXFileReference; lastKnownFileType = sourcecode.c.objc; path = BookDataCenter.m; sourceTree = "<group>"; };
		4206CD2C225EB54A0002B883 /* BookList.swift */ = {isa = PBXFileReference; lastKnownFileType = sourcecode.swift; path = BookList.swift; sourceTree = "<group>"; };
		420985DA2260052A00FC0879 /* BookError.h */ = {isa = PBXFileReference; lastKnownFileType = sourcecode.c.h; path = BookError.h; sourceTree = "<group>"; };
		420985DB2260052A00FC0879 /* BookError.m */ = {isa = PBXFileReference; lastKnownFileType = sourcecode.c.objc; path = BookError.m; sourceTree = "<group>"; };
		4A11C4CF225BEB3D0031317A /* UIAlertController+Error.h */ = {isa = PBXFileReference; lastKnownFileType = sourcecode.c.h; path = "UIAlertController+Error.h"; sourceTree = "<group>"; };
		4A11C4D0225BEB3D0031317A /* UIAlertController+Error.m */ = {isa = PBXFileReference; lastKnownFileType = sourcecode.c.objc; path = "UIAlertController+Error.m"; sourceTree = "<group>"; };
		4A145CDB225E91200062E93C /* BookFetcher.swift */ = {isa = PBXFileReference; lastKnownFileType = sourcecode.swift; path = BookFetcher.swift; sourceTree = "<group>"; };
		4A166198225A21AC004A39D9 /* Book.swift */ = {isa = PBXFileReference; lastKnownFileType = sourcecode.swift; path = Book.swift; sourceTree = "<group>"; };
		4D779B24B0FC41C4E519A135 /* Pods-BookShelfTests.release.xcconfig */ = {isa = PBXFileReference; includeInIndex = 1; lastKnownFileType = text.xcconfig; name = "Pods-BookShelfTests.release.xcconfig"; path = "Target Support Files/Pods-BookShelfTests/Pods-BookShelfTests.release.xcconfig"; sourceTree = "<group>"; };
		60087FFC473A39C022F7CC3A /* Pods-BookShelf.release.xcconfig */ = {isa = PBXFileReference; includeInIndex = 1; lastKnownFileType = text.xcconfig; name = "Pods-BookShelf.release.xcconfig"; path = "Target Support Files/Pods-BookShelf/Pods-BookShelf.release.xcconfig"; sourceTree = "<group>"; };
		D9E3A401A9E4B6EDBAC73449 /* Pods-BookShelfTests.debug.xcconfig */ = {isa = PBXFileReference; includeInIndex = 1; lastKnownFileType = text.xcconfig; name = "Pods-BookShelfTests.debug.xcconfig"; path = "Target Support Files/Pods-BookShelfTests/Pods-BookShelfTests.debug.xcconfig"; sourceTree = "<group>"; };
		FE64BA78E750322A8AA88665 /* Pods-BookShelf.debug.xcconfig */ = {isa = PBXFileReference; includeInIndex = 1; lastKnownFileType = text.xcconfig; name = "Pods-BookShelf.debug.xcconfig"; path = "Target Support Files/Pods-BookShelf/Pods-BookShelf.debug.xcconfig"; sourceTree = "<group>"; };
/* End PBXFileReference section */

/* Begin PBXFrameworksBuildPhase section */
		2B9FA23C2257306C00BAF875 /* Frameworks */ = {
			isa = PBXFrameworksBuildPhase;
			buildActionMask = 2147483647;
			files = (
				52A40459D8A956E2CF4E506F /* Pods_BookShelf.framework in Frameworks */,
			);
			runOnlyForDeploymentPostprocessing = 0;
		};
		2B9FA2572257306D00BAF875 /* Frameworks */ = {
			isa = PBXFrameworksBuildPhase;
			buildActionMask = 2147483647;
			files = (
				BEF3A7BDF6238A25ECD2D85C /* Pods_BookShelfTests.framework in Frameworks */,
			);
			runOnlyForDeploymentPostprocessing = 0;
		};
/* End PBXFrameworksBuildPhase section */

/* Begin PBXGroup section */
		13DC22A5B8568CE195A7D7A8 /* Frameworks */ = {
			isa = PBXGroup;
			children = (
				3F80ECC036CC9D282A300FFC /* Pods_BookShelf.framework */,
				170D8AA7F76A3A1D460B9D6D /* Pods_BookShelfTests.framework */,
			);
			name = Frameworks;
			sourceTree = "<group>";
		};
		2B912DF6225B44BD0016655E /* Container */ = {
			isa = PBXGroup;
			children = (
				2B912DF0225B2E3A0016655E /* BookmarkContainer.h */,
				2B912DF1225B2E3A0016655E /* BookmarkContainer.m */,
				2B912DF3225B41EE0016655E /* HistoryContainer.h */,
				2B912DF4225B41EE0016655E /* HistoryContainer.m */,
			);
			path = Container;
			sourceTree = "<group>";
		};
		2B912DF7225B44D00016655E /* ViewController */ = {
			isa = PBXGroup;
			children = (
				2B9FA269225731C000BAF875 /* NewViewController.h */,
				2B9FA26A225731C000BAF875 /* NewViewController.m */,
				2B9FA26C225731CA00BAF875 /* SearchViewController.h */,
				2B9FA26D225731CA00BAF875 /* SearchViewController.m */,
				2B9FA26F225731D000BAF875 /* BookmarkViewController.h */,
				2B9FA270225731D000BAF875 /* BookmarkViewController.m */,
				2B9FA272225731D600BAF875 /* HistoryViewController.h */,
				2B9FA273225731D600BAF875 /* HistoryViewController.m */,
				2B9FA2752257320B00BAF875 /* BookDetailViewController.h */,
				2B9FA2762257320B00BAF875 /* BookDetailViewController.m */,
				2B9FA2772257320B00BAF875 /* BookDetailViewController.xib */,
			);
			path = ViewController;
			sourceTree = "<group>";
		};
		2B912DF8225B44E90016655E /* Cell */ = {
			isa = PBXGroup;
			children = (
				42028FDC225ABAA8005E6685 /* BookCollectionViewCell.h */,
				42028FDD225ABAA8005E6685 /* BookCollectionViewCell.m */,
				42028FDE225ABAA8005E6685 /* BookCollectionViewCell.xib */,
				2B05A8C0226068B2002B3B19 /* BookCollectionViewCellDelegate.h */,
			);
			path = Cell;
			sourceTree = "<group>";
		};
		2B9FA2362257306C00BAF875 = {
			isa = PBXGroup;
			children = (
				2B9FA2412257306C00BAF875 /* BookShelf */,
				2B9FA25D2257306D00BAF875 /* BookShelfTests */,
				2B9FA2402257306C00BAF875 /* Products */,
				C498F4E2140B6BBB71230F22 /* Pods */,
				13DC22A5B8568CE195A7D7A8 /* Frameworks */,
			);
			sourceTree = "<group>";
		};
		2B9FA2402257306C00BAF875 /* Products */ = {
			isa = PBXGroup;
			children = (
				2B9FA23F2257306C00BAF875 /* BookShelf.app */,
				2B9FA25A2257306D00BAF875 /* BookShelfTests.xctest */,
			);
			name = Products;
			sourceTree = "<group>";
		};
		2B9FA2412257306C00BAF875 /* BookShelf */ = {
			isa = PBXGroup;
			children = (
				420985DE2260053A00FC0879 /* Error */,
				4A11C4D2225E8CBF0031317A /* Fetcher */,
				2B9FA27A2257322100BAF875 /* Network */,
				42028FE2225C1216005E6685 /* Database */,
				4A11C4CA225BE62A0031317A /* Category */,
				2B912DF7225B44D00016655E /* ViewController */,
				2B912DF8225B44E90016655E /* Cell */,
				2B912DF6225B44BD0016655E /* Container */,
				4A16619A225A21D0004A39D9 /* Model */,
				2B9FA2422257306C00BAF875 /* AppDelegate.h */,
				2B9FA2432257306C00BAF875 /* AppDelegate.m */,
				2B9FA24B2257306C00BAF875 /* Main.storyboard */,
				2B9FA24E2257306D00BAF875 /* Assets.xcassets */,
				2B9FA2502257306D00BAF875 /* LaunchScreen.storyboard */,
				2B9FA2532257306D00BAF875 /* Info.plist */,
				2B9FA2542257306D00BAF875 /* main.m */,
			);
			path = BookShelf;
			sourceTree = "<group>";
		};
		2B9FA25D2257306D00BAF875 /* BookShelfTests */ = {
			isa = PBXGroup;
			children = (
				2B9FA25E2257306D00BAF875 /* BookShelfTests.m */,
				2B9FA2602257306D00BAF875 /* Info.plist */,
			);
			path = BookShelfTests;
			sourceTree = "<group>";
		};
		2B9FA27A2257322100BAF875 /* Network */ = {
			isa = PBXGroup;
			children = (
				2B9FA27C2257323500BAF875 /* BookAPI.swift */,
				2B9FA27E2257344300BAF875 /* BookService.swift */,
				2B9FA27B2257323500BAF875 /* BookShelf-Bridging-Header.h */,
			);
			path = Network;
			sourceTree = "<group>";
		};
		42028FE2225C1216005E6685 /* Database */ = {
			isa = PBXGroup;
			children = (
				42028FE3225C1239005E6685 /* BookDataCenter.h */,
				42028FE4225C1239005E6685 /* BookDataCenter.m */,
				2B912E3B225C655A0016655E /* BookDataCenterEnum.h */,
			);
			path = Database;
			sourceTree = "<group>";
		};
		420985DE2260053A00FC0879 /* Error */ = {
			isa = PBXGroup;
			children = (
				420985DA2260052A00FC0879 /* BookError.h */,
				420985DB2260052A00FC0879 /* BookError.m */,
			);
			path = Error;
			sourceTree = "<group>";
		};
		4A11C4CA225BE62A0031317A /* Category */ = {
			isa = PBXGroup;
			children = (
				4A11C4CF225BEB3D0031317A /* UIAlertController+Error.h */,
				4A11C4D0225BEB3D0031317A /* UIAlertController+Error.m */,
			);
			path = Category;
			sourceTree = "<group>";
		};
		4A11C4D2225E8CBF0031317A /* Fetcher */ = {
			isa = PBXGroup;
			children = (
				4A145CDB225E91200062E93C /* BookFetcher.swift */,
			);
			path = Fetcher;
			sourceTree = "<group>";
		};
		4A16619A225A21D0004A39D9 /* Model */ = {
			isa = PBXGroup;
			children = (
				4206CD2C225EB54A0002B883 /* BookList.swift */,
				4A166198225A21AC004A39D9 /* Book.swift */,
				2B912E38225C64940016655E /* BookData.h */,
				2B912E39225C64940016655E /* BookData.m */,
			);
			path = Model;
			sourceTree = "<group>";
		};
		C498F4E2140B6BBB71230F22 /* Pods */ = {
			isa = PBXGroup;
			children = (
				FE64BA78E750322A8AA88665 /* Pods-BookShelf.debug.xcconfig */,
				60087FFC473A39C022F7CC3A /* Pods-BookShelf.release.xcconfig */,
				D9E3A401A9E4B6EDBAC73449 /* Pods-BookShelfTests.debug.xcconfig */,
				4D779B24B0FC41C4E519A135 /* Pods-BookShelfTests.release.xcconfig */,
			);
			path = Pods;
			sourceTree = "<group>";
		};
/* End PBXGroup section */

/* Begin PBXNativeTarget section */
		2B9FA23E2257306C00BAF875 /* BookShelf */ = {
			isa = PBXNativeTarget;
			buildConfigurationList = 2B9FA2632257306D00BAF875 /* Build configuration list for PBXNativeTarget "BookShelf" */;
			buildPhases = (
				30176D80081295F8DC6F2F75 /* [CP] Check Pods Manifest.lock */,
				2B9FA23B2257306C00BAF875 /* Sources */,
				2B9FA23C2257306C00BAF875 /* Frameworks */,
				2B9FA23D2257306C00BAF875 /* Resources */,
				C77382074505163110B4E8EA /* [CP] Embed Pods Frameworks */,
			);
			buildRules = (
			);
			dependencies = (
			);
			name = BookShelf;
			productName = BookShelf;
			productReference = 2B9FA23F2257306C00BAF875 /* BookShelf.app */;
			productType = "com.apple.product-type.application";
		};
		2B9FA2592257306D00BAF875 /* BookShelfTests */ = {
			isa = PBXNativeTarget;
			buildConfigurationList = 2B9FA2662257306D00BAF875 /* Build configuration list for PBXNativeTarget "BookShelfTests" */;
			buildPhases = (
				585FA289E634CBAE8C5FCF22 /* [CP] Check Pods Manifest.lock */,
				2B9FA2562257306D00BAF875 /* Sources */,
				2B9FA2572257306D00BAF875 /* Frameworks */,
				2B9FA2582257306D00BAF875 /* Resources */,
			);
			buildRules = (
			);
			dependencies = (
				2B9FA25C2257306D00BAF875 /* PBXTargetDependency */,
			);
			name = BookShelfTests;
			productName = BookShelfTests;
			productReference = 2B9FA25A2257306D00BAF875 /* BookShelfTests.xctest */;
			productType = "com.apple.product-type.bundle.unit-test";
		};
/* End PBXNativeTarget section */

/* Begin PBXProject section */
		2B9FA2372257306C00BAF875 /* Project object */ = {
			isa = PBXProject;
			attributes = {
				LastUpgradeCheck = 1020;
				ORGANIZATIONNAME = dagad;
				TargetAttributes = {
					2B9FA23E2257306C00BAF875 = {
						CreatedOnToolsVersion = 10.2;
						LastSwiftMigration = 1020;
					};
					2B9FA2592257306D00BAF875 = {
						CreatedOnToolsVersion = 10.2;
						TestTargetID = 2B9FA23E2257306C00BAF875;
					};
				};
			};
			buildConfigurationList = 2B9FA23A2257306C00BAF875 /* Build configuration list for PBXProject "BookShelf" */;
			compatibilityVersion = "Xcode 9.3";
			developmentRegion = en;
			hasScannedForEncodings = 0;
			knownRegions = (
				en,
				Base,
			);
			mainGroup = 2B9FA2362257306C00BAF875;
			productRefGroup = 2B9FA2402257306C00BAF875 /* Products */;
			projectDirPath = "";
			projectRoot = "";
			targets = (
				2B9FA23E2257306C00BAF875 /* BookShelf */,
				2B9FA2592257306D00BAF875 /* BookShelfTests */,
			);
		};
/* End PBXProject section */

/* Begin PBXResourcesBuildPhase section */
		2B9FA23D2257306C00BAF875 /* Resources */ = {
			isa = PBXResourcesBuildPhase;
			buildActionMask = 2147483647;
			files = (
				2B9FA2522257306D00BAF875 /* LaunchScreen.storyboard in Resources */,
				2B9FA24F2257306D00BAF875 /* Assets.xcassets in Resources */,
				2B9FA2792257320B00BAF875 /* BookDetailViewController.xib in Resources */,
				2B9FA24D2257306C00BAF875 /* Main.storyboard in Resources */,
				42028FE0225ABAA8005E6685 /* BookCollectionViewCell.xib in Resources */,
			);
			runOnlyForDeploymentPostprocessing = 0;
		};
		2B9FA2582257306D00BAF875 /* Resources */ = {
			isa = PBXResourcesBuildPhase;
			buildActionMask = 2147483647;
			files = (
			);
			runOnlyForDeploymentPostprocessing = 0;
		};
/* End PBXResourcesBuildPhase section */

/* Begin PBXShellScriptBuildPhase section */
		30176D80081295F8DC6F2F75 /* [CP] Check Pods Manifest.lock */ = {
			isa = PBXShellScriptBuildPhase;
			buildActionMask = 2147483647;
			files = (
			);
			inputFileListPaths = (
			);
			inputPaths = (
				"${PODS_PODFILE_DIR_PATH}/Podfile.lock",
				"${PODS_ROOT}/Manifest.lock",
			);
			name = "[CP] Check Pods Manifest.lock";
			outputFileListPaths = (
			);
			outputPaths = (
				"$(DERIVED_FILE_DIR)/Pods-BookShelf-checkManifestLockResult.txt",
			);
			runOnlyForDeploymentPostprocessing = 0;
			shellPath = /bin/sh;
			shellScript = "diff \"${PODS_PODFILE_DIR_PATH}/Podfile.lock\" \"${PODS_ROOT}/Manifest.lock\" > /dev/null\nif [ $? != 0 ] ; then\n    # print error to STDERR\n    echo \"error: The sandbox is not in sync with the Podfile.lock. Run 'pod install' or update your CocoaPods installation.\" >&2\n    exit 1\nfi\n# This output is used by Xcode 'outputs' to avoid re-running this script phase.\necho \"SUCCESS\" > \"${SCRIPT_OUTPUT_FILE_0}\"\n";
			showEnvVarsInLog = 0;
		};
		585FA289E634CBAE8C5FCF22 /* [CP] Check Pods Manifest.lock */ = {
			isa = PBXShellScriptBuildPhase;
			buildActionMask = 2147483647;
			files = (
			);
			inputFileListPaths = (
			);
			inputPaths = (
				"${PODS_PODFILE_DIR_PATH}/Podfile.lock",
				"${PODS_ROOT}/Manifest.lock",
			);
			name = "[CP] Check Pods Manifest.lock";
			outputFileListPaths = (
			);
			outputPaths = (
				"$(DERIVED_FILE_DIR)/Pods-BookShelfTests-checkManifestLockResult.txt",
			);
			runOnlyForDeploymentPostprocessing = 0;
			shellPath = /bin/sh;
			shellScript = "diff \"${PODS_PODFILE_DIR_PATH}/Podfile.lock\" \"${PODS_ROOT}/Manifest.lock\" > /dev/null\nif [ $? != 0 ] ; then\n    # print error to STDERR\n    echo \"error: The sandbox is not in sync with the Podfile.lock. Run 'pod install' or update your CocoaPods installation.\" >&2\n    exit 1\nfi\n# This output is used by Xcode 'outputs' to avoid re-running this script phase.\necho \"SUCCESS\" > \"${SCRIPT_OUTPUT_FILE_0}\"\n";
			showEnvVarsInLog = 0;
		};
		C77382074505163110B4E8EA /* [CP] Embed Pods Frameworks */ = {
			isa = PBXShellScriptBuildPhase;
			buildActionMask = 2147483647;
			files = (
			);
			inputFileListPaths = (
			);
			inputPaths = (
				"${PODS_ROOT}/Target Support Files/Pods-BookShelf/Pods-BookShelf-frameworks.sh",
				"${BUILT_PRODUCTS_DIR}/Alamofire/Alamofire.framework",
				"${BUILT_PRODUCTS_DIR}/FMDB/FMDB.framework",
				"${BUILT_PRODUCTS_DIR}/ModelMapper/Mapper.framework",
				"${BUILT_PRODUCTS_DIR}/Moya/Moya.framework",
				"${BUILT_PRODUCTS_DIR}/Moya-ModelMapper/Moya_ModelMapper.framework",
				"${BUILT_PRODUCTS_DIR}/Result/Result.framework",
				"${BUILT_PRODUCTS_DIR}/SDWebImage/SDWebImage.framework",
			);
			name = "[CP] Embed Pods Frameworks";
			outputFileListPaths = (
			);
			outputPaths = (
				"${TARGET_BUILD_DIR}/${FRAMEWORKS_FOLDER_PATH}/Alamofire.framework",
				"${TARGET_BUILD_DIR}/${FRAMEWORKS_FOLDER_PATH}/FMDB.framework",
				"${TARGET_BUILD_DIR}/${FRAMEWORKS_FOLDER_PATH}/Mapper.framework",
				"${TARGET_BUILD_DIR}/${FRAMEWORKS_FOLDER_PATH}/Moya.framework",
				"${TARGET_BUILD_DIR}/${FRAMEWORKS_FOLDER_PATH}/Moya_ModelMapper.framework",
				"${TARGET_BUILD_DIR}/${FRAMEWORKS_FOLDER_PATH}/Result.framework",
				"${TARGET_BUILD_DIR}/${FRAMEWORKS_FOLDER_PATH}/SDWebImage.framework",
			);
			runOnlyForDeploymentPostprocessing = 0;
			shellPath = /bin/sh;
			shellScript = "\"${PODS_ROOT}/Target Support Files/Pods-BookShelf/Pods-BookShelf-frameworks.sh\"\n";
			showEnvVarsInLog = 0;
		};
/* End PBXShellScriptBuildPhase section */

/* Begin PBXSourcesBuildPhase section */
		2B9FA23B2257306C00BAF875 /* Sources */ = {
			isa = PBXSourcesBuildPhase;
			buildActionMask = 2147483647;
			files = (
				4A145CDC225E91200062E93C /* BookFetcher.swift in Sources */,
				420985DC2260052A00FC0879 /* BookError.m in Sources */,
				2B9FA26B225731C000BAF875 /* NewViewController.m in Sources */,
				2B9FA271225731D000BAF875 /* BookmarkViewController.m in Sources */,
				2B9FA2442257306C00BAF875 /* AppDelegate.m in Sources */,
				42028FE5225C1239005E6685 /* BookDataCenter.m in Sources */,
				2B912DF2225B2E3A0016655E /* BookmarkContainer.m in Sources */,
				2B9FA26E225731CA00BAF875 /* SearchViewController.m in Sources */,
				4A11C4D1225BEB3D0031317A /* UIAlertController+Error.m in Sources */,
				2B9FA2552257306D00BAF875 /* main.m in Sources */,
				42028FDF225ABAA8005E6685 /* BookCollectionViewCell.m in Sources */,
				2B9FA27F2257344300BAF875 /* BookService.swift in Sources */,
				2B912E3A225C64940016655E /* BookData.m in Sources */,
				2B9FA27D2257323500BAF875 /* BookAPI.swift in Sources */,
				2B9FA2782257320B00BAF875 /* BookDetailViewController.m in Sources */,
				4206CD2D225EB54A0002B883 /* BookList.swift in Sources */,
				4A166199225A21AC004A39D9 /* Book.swift in Sources */,
				2B912DF5225B41EE0016655E /* HistoryContainer.m in Sources */,
				2B9FA274225731D600BAF875 /* HistoryViewController.m in Sources */,
			);
			runOnlyForDeploymentPostprocessing = 0;
		};
		2B9FA2562257306D00BAF875 /* Sources */ = {
			isa = PBXSourcesBuildPhase;
			buildActionMask = 2147483647;
			files = (
				2B9FA25F2257306D00BAF875 /* BookShelfTests.m in Sources */,
			);
			runOnlyForDeploymentPostprocessing = 0;
		};
/* End PBXSourcesBuildPhase section */

/* Begin PBXTargetDependency section */
		2B9FA25C2257306D00BAF875 /* PBXTargetDependency */ = {
			isa = PBXTargetDependency;
			target = 2B9FA23E2257306C00BAF875 /* BookShelf */;
			targetProxy = 2B9FA25B2257306D00BAF875 /* PBXContainerItemProxy */;
		};
/* End PBXTargetDependency section */

/* Begin PBXVariantGroup section */
		2B9FA24B2257306C00BAF875 /* Main.storyboard */ = {
			isa = PBXVariantGroup;
			children = (
				2B9FA24C2257306C00BAF875 /* Base */,
			);
			name = Main.storyboard;
			sourceTree = "<group>";
		};
		2B9FA2502257306D00BAF875 /* LaunchScreen.storyboard */ = {
			isa = PBXVariantGroup;
			children = (
				2B9FA2512257306D00BAF875 /* Base */,
			);
			name = LaunchScreen.storyboard;
			sourceTree = "<group>";
		};
/* End PBXVariantGroup section */

/* Begin XCBuildConfiguration section */
		2B9FA2612257306D00BAF875 /* Debug */ = {
			isa = XCBuildConfiguration;
			buildSettings = {
				ALWAYS_SEARCH_USER_PATHS = NO;
				CLANG_ANALYZER_NONNULL = YES;
				CLANG_ANALYZER_NUMBER_OBJECT_CONVERSION = YES_AGGRESSIVE;
				CLANG_CXX_LANGUAGE_STANDARD = "gnu++14";
				CLANG_CXX_LIBRARY = "libc++";
				CLANG_ENABLE_MODULES = YES;
				CLANG_ENABLE_OBJC_ARC = YES;
				CLANG_ENABLE_OBJC_WEAK = YES;
				CLANG_WARN_BLOCK_CAPTURE_AUTORELEASING = YES;
				CLANG_WARN_BOOL_CONVERSION = YES;
				CLANG_WARN_COMMA = YES;
				CLANG_WARN_CONSTANT_CONVERSION = YES;
				CLANG_WARN_DEPRECATED_OBJC_IMPLEMENTATIONS = YES;
				CLANG_WARN_DIRECT_OBJC_ISA_USAGE = YES_ERROR;
				CLANG_WARN_DOCUMENTATION_COMMENTS = YES;
				CLANG_WARN_EMPTY_BODY = YES;
				CLANG_WARN_ENUM_CONVERSION = YES;
				CLANG_WARN_INFINITE_RECURSION = YES;
				CLANG_WARN_INT_CONVERSION = YES;
				CLANG_WARN_NON_LITERAL_NULL_CONVERSION = YES;
				CLANG_WARN_OBJC_IMPLICIT_RETAIN_SELF = YES;
				CLANG_WARN_OBJC_LITERAL_CONVERSION = YES;
				CLANG_WARN_OBJC_ROOT_CLASS = YES_ERROR;
				CLANG_WARN_RANGE_LOOP_ANALYSIS = YES;
				CLANG_WARN_STRICT_PROTOTYPES = YES;
				CLANG_WARN_SUSPICIOUS_MOVE = YES;
				CLANG_WARN_UNGUARDED_AVAILABILITY = YES_AGGRESSIVE;
				CLANG_WARN_UNREACHABLE_CODE = YES;
				CLANG_WARN__DUPLICATE_METHOD_MATCH = YES;
				CODE_SIGN_IDENTITY = "iPhone Developer";
				COPY_PHASE_STRIP = NO;
				DEBUG_INFORMATION_FORMAT = dwarf;
				ENABLE_STRICT_OBJC_MSGSEND = YES;
				ENABLE_TESTABILITY = YES;
				GCC_C_LANGUAGE_STANDARD = gnu11;
				GCC_DYNAMIC_NO_PIC = NO;
				GCC_NO_COMMON_BLOCKS = YES;
				GCC_OPTIMIZATION_LEVEL = 0;
				GCC_PREPROCESSOR_DEFINITIONS = (
					"DEBUG=1",
					"$(inherited)",
				);
				GCC_WARN_64_TO_32_BIT_CONVERSION = YES;
				GCC_WARN_ABOUT_RETURN_TYPE = YES_ERROR;
				GCC_WARN_UNDECLARED_SELECTOR = YES;
				GCC_WARN_UNINITIALIZED_AUTOS = YES_AGGRESSIVE;
				GCC_WARN_UNUSED_FUNCTION = YES;
				GCC_WARN_UNUSED_VARIABLE = YES;
				IPHONEOS_DEPLOYMENT_TARGET = 12.2;
				MTL_ENABLE_DEBUG_INFO = INCLUDE_SOURCE;
				MTL_FAST_MATH = YES;
				ONLY_ACTIVE_ARCH = YES;
				SDKROOT = iphoneos;
				SWIFT_VERSION = 4.2;
			};
			name = Debug;
		};
		2B9FA2622257306D00BAF875 /* Release */ = {
			isa = XCBuildConfiguration;
			buildSettings = {
				ALWAYS_SEARCH_USER_PATHS = NO;
				CLANG_ANALYZER_NONNULL = YES;
				CLANG_ANALYZER_NUMBER_OBJECT_CONVERSION = YES_AGGRESSIVE;
				CLANG_CXX_LANGUAGE_STANDARD = "gnu++14";
				CLANG_CXX_LIBRARY = "libc++";
				CLANG_ENABLE_MODULES = YES;
				CLANG_ENABLE_OBJC_ARC = YES;
				CLANG_ENABLE_OBJC_WEAK = YES;
				CLANG_WARN_BLOCK_CAPTURE_AUTORELEASING = YES;
				CLANG_WARN_BOOL_CONVERSION = YES;
				CLANG_WARN_COMMA = YES;
				CLANG_WARN_CONSTANT_CONVERSION = YES;
				CLANG_WARN_DEPRECATED_OBJC_IMPLEMENTATIONS = YES;
				CLANG_WARN_DIRECT_OBJC_ISA_USAGE = YES_ERROR;
				CLANG_WARN_DOCUMENTATION_COMMENTS = YES;
				CLANG_WARN_EMPTY_BODY = YES;
				CLANG_WARN_ENUM_CONVERSION = YES;
				CLANG_WARN_INFINITE_RECURSION = YES;
				CLANG_WARN_INT_CONVERSION = YES;
				CLANG_WARN_NON_LITERAL_NULL_CONVERSION = YES;
				CLANG_WARN_OBJC_IMPLICIT_RETAIN_SELF = YES;
				CLANG_WARN_OBJC_LITERAL_CONVERSION = YES;
				CLANG_WARN_OBJC_ROOT_CLASS = YES_ERROR;
				CLANG_WARN_RANGE_LOOP_ANALYSIS = YES;
				CLANG_WARN_STRICT_PROTOTYPES = YES;
				CLANG_WARN_SUSPICIOUS_MOVE = YES;
				CLANG_WARN_UNGUARDED_AVAILABILITY = YES_AGGRESSIVE;
				CLANG_WARN_UNREACHABLE_CODE = YES;
				CLANG_WARN__DUPLICATE_METHOD_MATCH = YES;
				CODE_SIGN_IDENTITY = "iPhone Developer";
				COPY_PHASE_STRIP = NO;
				DEBUG_INFORMATION_FORMAT = "dwarf-with-dsym";
				ENABLE_NS_ASSERTIONS = NO;
				ENABLE_STRICT_OBJC_MSGSEND = YES;
				GCC_C_LANGUAGE_STANDARD = gnu11;
				GCC_NO_COMMON_BLOCKS = YES;
				GCC_WARN_64_TO_32_BIT_CONVERSION = YES;
				GCC_WARN_ABOUT_RETURN_TYPE = YES_ERROR;
				GCC_WARN_UNDECLARED_SELECTOR = YES;
				GCC_WARN_UNINITIALIZED_AUTOS = YES_AGGRESSIVE;
				GCC_WARN_UNUSED_FUNCTION = YES;
				GCC_WARN_UNUSED_VARIABLE = YES;
				IPHONEOS_DEPLOYMENT_TARGET = 12.2;
				MTL_ENABLE_DEBUG_INFO = NO;
				MTL_FAST_MATH = YES;
				SDKROOT = iphoneos;
				SWIFT_VERSION = 4.2;
				VALIDATE_PRODUCT = YES;
			};
			name = Release;
		};
		2B9FA2642257306D00BAF875 /* Debug */ = {
			isa = XCBuildConfiguration;
			baseConfigurationReference = FE64BA78E750322A8AA88665 /* Pods-BookShelf.debug.xcconfig */;
			buildSettings = {
				ASSETCATALOG_COMPILER_APPICON_NAME = AppIcon;
				CLANG_ENABLE_MODULES = YES;
				CODE_SIGN_STYLE = Automatic;
				DEVELOPMENT_TEAM = LU99673E97;
				INFOPLIST_FILE = BookShelf/Info.plist;
				IPHONEOS_DEPLOYMENT_TARGET = 10.0;
				LD_RUNPATH_SEARCH_PATHS = (
					"$(inherited)",
					"@executable_path/Frameworks",
				);
				PRODUCT_BUNDLE_IDENTIFIER = com.dagad.bookshelf;
				PRODUCT_NAME = "$(TARGET_NAME)";
				SWIFT_OBJC_BRIDGING_HEADER = "BookShelf/Network/BookShelf-Bridging-Header.h";
				SWIFT_OPTIMIZATION_LEVEL = "-Onone";
				SWIFT_PRECOMPILE_BRIDGING_HEADER = YES;
				SWIFT_VERSION = 4.0;
				TARGETED_DEVICE_FAMILY = "1,2";
			};
			name = Debug;
		};
		2B9FA2652257306D00BAF875 /* Release */ = {
			isa = XCBuildConfiguration;
			baseConfigurationReference = 60087FFC473A39C022F7CC3A /* Pods-BookShelf.release.xcconfig */;
			buildSettings = {
				ASSETCATALOG_COMPILER_APPICON_NAME = AppIcon;
				CLANG_ENABLE_MODULES = YES;
				CODE_SIGN_STYLE = Automatic;
				DEVELOPMENT_TEAM = LU99673E97;
				INFOPLIST_FILE = BookShelf/Info.plist;
				IPHONEOS_DEPLOYMENT_TARGET = 10.0;
				LD_RUNPATH_SEARCH_PATHS = (
					"$(inherited)",
					"@executable_path/Frameworks",
				);
				PRODUCT_BUNDLE_IDENTIFIER = com.dagad.bookshelf;
				PRODUCT_NAME = "$(TARGET_NAME)";
				SWIFT_OBJC_BRIDGING_HEADER = "BookShelf/Network/BookShelf-Bridging-Header.h";
				SWIFT_PRECOMPILE_BRIDGING_HEADER = YES;
				SWIFT_VERSION = 4.0;
				TARGETED_DEVICE_FAMILY = "1,2";
			};
			name = Release;
		};
		2B9FA2672257306D00BAF875 /* Debug */ = {
			isa = XCBuildConfiguration;
			baseConfigurationReference = D9E3A401A9E4B6EDBAC73449 /* Pods-BookShelfTests.debug.xcconfig */;
			buildSettings = {
				ALWAYS_EMBED_SWIFT_STANDARD_LIBRARIES = YES;
				BUNDLE_LOADER = "$(TEST_HOST)";
				CODE_SIGN_STYLE = Automatic;
				DEVELOPMENT_TEAM = LU99673E97;
				INFOPLIST_FILE = BookShelfTests/Info.plist;
				LD_RUNPATH_SEARCH_PATHS = (
					"$(inherited)",
					"@executable_path/Frameworks",
					"@loader_path/Frameworks",
				);
				PRODUCT_BUNDLE_IDENTIFIER = com.dagad.bookshelf.BookShelfTests;
				PRODUCT_NAME = "$(TARGET_NAME)";
				TARGETED_DEVICE_FAMILY = "1,2";
				TEST_HOST = "$(BUILT_PRODUCTS_DIR)/BookShelf.app/BookShelf";
			};
			name = Debug;
		};
		2B9FA2682257306D00BAF875 /* Release */ = {
			isa = XCBuildConfiguration;
			baseConfigurationReference = 4D779B24B0FC41C4E519A135 /* Pods-BookShelfTests.release.xcconfig */;
			buildSettings = {
				ALWAYS_EMBED_SWIFT_STANDARD_LIBRARIES = YES;
				BUNDLE_LOADER = "$(TEST_HOST)";
				CODE_SIGN_STYLE = Automatic;
				DEVELOPMENT_TEAM = LU99673E97;
				INFOPLIST_FILE = BookShelfTests/Info.plist;
				LD_RUNPATH_SEARCH_PATHS = (
					"$(inherited)",
					"@executable_path/Frameworks",
					"@loader_path/Frameworks",
				);
				PRODUCT_BUNDLE_IDENTIFIER = com.dagad.bookshelf.BookShelfTests;
				PRODUCT_NAME = "$(TARGET_NAME)";
				TARGETED_DEVICE_FAMILY = "1,2";
				TEST_HOST = "$(BUILT_PRODUCTS_DIR)/BookShelf.app/BookShelf";
			};
			name = Release;
		};
/* End XCBuildConfiguration section */

/* Begin XCConfigurationList section */
		2B9FA23A2257306C00BAF875 /* Build configuration list for PBXProject "BookShelf" */ = {
			isa = XCConfigurationList;
			buildConfigurations = (
				2B9FA2612257306D00BAF875 /* Debug */,
				2B9FA2622257306D00BAF875 /* Release */,
			);
			defaultConfigurationIsVisible = 0;
			defaultConfigurationName = Release;
		};
		2B9FA2632257306D00BAF875 /* Build configuration list for PBXNativeTarget "BookShelf" */ = {
			isa = XCConfigurationList;
			buildConfigurations = (
				2B9FA2642257306D00BAF875 /* Debug */,
				2B9FA2652257306D00BAF875 /* Release */,
			);
			defaultConfigurationIsVisible = 0;
			defaultConfigurationName = Release;
		};
		2B9FA2662257306D00BAF875 /* Build configuration list for PBXNativeTarget "BookShelfTests" */ = {
			isa = XCConfigurationList;
			buildConfigurations = (
				2B9FA2672257306D00BAF875 /* Debug */,
				2B9FA2682257306D00BAF875 /* Release */,
			);
			defaultConfigurationIsVisible = 0;
			defaultConfigurationName = Release;
		};
/* End XCConfigurationList section */
	};
	rootObject = 2B9FA2372257306C00BAF875 /* Project object */;
}
